
Microsoft Visual Studio Solution File, Format Version 12.00
# Visual Studio Version 17
VisualStudioVersion = 17.8.34330.188
MinimumVisualStudioVersion = 10.0.40219.1
Project("{FAE04EC0-301F-11D3-BF4B-00C04F79EFBC}") = "BinancePriceNotifier", "BinancePriceNotifier\BinancePriceNotifier.csproj", "{BD24150C-5E6D-44E7-88CD-7FA687E7DD03}"
EndProject
Global
	GlobalSection(SolutionConfigurationPlatforms) = preSolution
		Debug|Any CPU = Debug|Any CPU
		Release|Any CPU = Release|Any CPU
	EndGlobalSection
	GlobalSection(ProjectConfigurationPlatforms) = postSolution
		{BD24150C-5E6D-44E7-88CD-7FA687E7DD03}.Debug|Any CPU.ActiveCfg = Debug|Any CPU
		{BD24150C-5E6D-44E7-88CD-7FA687E7DD03}.Debug|Any CPU.Build.0 = Debug|Any CPU
		{BD24150C-5E6D-44E7-88CD-7FA687E7DD03}.Release|Any CPU.ActiveCfg = Release|Any CPU
		{BD24150C-5E6D-44E7-88CD-7FA687E7DD03}.Release|Any CPU.Build.0 = Release|Any CPU
	EndGlobalSection
	GlobalSection(SolutionProperties) = preSolution
		HideSolutionNode = FALSE
	EndGlobalSection
	GlobalSection(ExtensibilityGlobals) = postSolution
		SolutionGuid = {12A0D37C-E8E3-41FA-99CE-6BCB6AF1A1A7}
	EndGlobalSection
EndGlobal
